// !$*UTF8*$!
{
	archiveVersion = 1;
	classes = {
	};
	objectVersion = 46;
	objects = {

/* Begin PBXBuildFile section */
		6C2064DE183D8174001B2AAD /* ConferenceViewController.m in Sources */ = {isa = PBXBuildFile; fileRef = 6C2064DD183D8174001B2AAD /* ConferenceViewController.m */; };
		6C4A32FE183D5D6900D2D80F /* DBResult.m in Sources */ = {isa = PBXBuildFile; fileRef = 6C4A32FD183D5D6900D2D80F /* DBResult.m */; };
		6C4A3301183D686F00D2D80F /* DBRequest.m in Sources */ = {isa = PBXBuildFile; fileRef = 6C4A3300183D686F00D2D80F /* DBRequest.m */; };
		6C64775C1842802D00528A6D /* TeamViewController.m in Sources */ = {isa = PBXBuildFile; fileRef = 6C64775B1842802D00528A6D /* TeamViewController.m */; };
		6C64775F1842E5FE00528A6D /* StandingViewCell.m in Sources */ = {isa = PBXBuildFile; fileRef = 6C64775E1842E5FE00528A6D /* StandingViewCell.m */; };
		6C6477651842EE5C00528A6D /* ScheduleViewCell.m in Sources */ = {isa = PBXBuildFile; fileRef = 6C6477641842EE5C00528A6D /* ScheduleViewCell.m */; };
		6C65F71D183BE57C00EE2499 /* Foundation.framework in Frameworks */ = {isa = PBXBuildFile; fileRef = 6C65F71C183BE57C00EE2499 /* Foundation.framework */; };
		6C65F71F183BE57C00EE2499 /* CoreGraphics.framework in Frameworks */ = {isa = PBXBuildFile; fileRef = 6C65F71E183BE57C00EE2499 /* CoreGraphics.framework */; };
		6C65F721183BE57C00EE2499 /* UIKit.framework in Frameworks */ = {isa = PBXBuildFile; fileRef = 6C65F720183BE57C00EE2499 /* UIKit.framework */; };
		6C65F727183BE57C00EE2499 /* InfoPlist.strings in Resources */ = {isa = PBXBuildFile; fileRef = 6C65F725183BE57C00EE2499 /* InfoPlist.strings */; };
		6C65F729183BE57C00EE2499 /* main.m in Sources */ = {isa = PBXBuildFile; fileRef = 6C65F728183BE57C00EE2499 /* main.m */; };
		6C65F72D183BE57C00EE2499 /* AppDelegate.m in Sources */ = {isa = PBXBuildFile; fileRef = 6C65F72C183BE57C00EE2499 /* AppDelegate.m */; };
		6C65F730183BE57C00EE2499 /* Main.storyboard in Resources */ = {isa = PBXBuildFile; fileRef = 6C65F72E183BE57C00EE2499 /* Main.storyboard */; };
		6C65F735183BE57C00EE2499 /* Images.xcassets in Resources */ = {isa = PBXBuildFile; fileRef = 6C65F734183BE57C00EE2499 /* Images.xcassets */; };
		6C65F73C183BE57C00EE2499 /* XCTest.framework in Frameworks */ = {isa = PBXBuildFile; fileRef = 6C65F73B183BE57C00EE2499 /* XCTest.framework */; };
		6C65F73D183BE57C00EE2499 /* Foundation.framework in Frameworks */ = {isa = PBXBuildFile; fileRef = 6C65F71C183BE57C00EE2499 /* Foundation.framework */; };
		6C65F73E183BE57C00EE2499 /* UIKit.framework in Frameworks */ = {isa = PBXBuildFile; fileRef = 6C65F720183BE57C00EE2499 /* UIKit.framework */; };
		6C65F746183BE57C00EE2499 /* InfoPlist.strings in Resources */ = {isa = PBXBuildFile; fileRef = 6C65F744183BE57C00EE2499 /* InfoPlist.strings */; };
		6C65F748183BE57C00EE2499 /* NCAAMBTests.m in Sources */ = {isa = PBXBuildFile; fileRef = 6C65F747183BE57C00EE2499 /* NCAAMBTests.m */; };
		6C65F761183BE64C00EE2499 /* HomeController.m in Sources */ = {isa = PBXBuildFile; fileRef = 6C65F760183BE64C00EE2499 /* HomeController.m */; };
		6C65F767183BE7D600EE2499 /* ConferenceNavigationController.m in Sources */ = {isa = PBXBuildFile; fileRef = 6C65F766183BE7D600EE2499 /* ConferenceNavigationController.m */; };
		6C65F76A183BE7DD00EE2499 /* PlayerNavigationController.m in Sources */ = {isa = PBXBuildFile; fileRef = 6C65F769183BE7DD00EE2499 /* PlayerNavigationController.m */; };
		6C65F76D183BE7E300EE2499 /* TeamNavigationController.m in Sources */ = {isa = PBXBuildFile; fileRef = 6C65F76C183BE7E300EE2499 /* TeamNavigationController.m */; };
		6C65F770183BE7EC00EE2499 /* DailyScoreboardController.m in Sources */ = {isa = PBXBuildFile; fileRef = 6C65F76F183BE7EC00EE2499 /* DailyScoreboardController.m */; };
		6C66868218443DBD00068F3B /* PlayerStatsViewCell.m in Sources */ = {isa = PBXBuildFile; fileRef = 6C66868118443DBD00068F3B /* PlayerStatsViewCell.m */; };
		6C6686851844761100068F3B /* PlayerAvgStatsTableSection.m in Sources */ = {isa = PBXBuildFile; fileRef = 6C6686841844761100068F3B /* PlayerAvgStatsTableSection.m */; };
		6C6686871844797700068F3B /* PlayerViewHTML.html in Resources */ = {isa = PBXBuildFile; fileRef = 6C6686861844797700068F3B /* PlayerViewHTML.html */; };
		6C68DA1A18494E7200DD2562 /* TeamTabController.m in Sources */ = {isa = PBXBuildFile; fileRef = 6C68DA1918494E7200DD2562 /* TeamTabController.m */; };
		6C82B87F1857F3810041352C /* GameLogCell.m in Sources */ = {isa = PBXBuildFile; fileRef = 6C82B87E1857F3810041352C /* GameLogCell.m */; };
		6CADDB6A18551BDB00301731 /* PlayerTotalStatsTableSection.m in Sources */ = {isa = PBXBuildFile; fileRef = 6CADDB6918551BDB00301731 /* PlayerTotalStatsTableSection.m */; };
		6CADDB6F18558B7C00301731 /* BoxScoreCell.m in Sources */ = {isa = PBXBuildFile; fileRef = 6CADDB6E18558B7C00301731 /* BoxScoreCell.m */; };
		6CADDB741855957300301731 /* BoxScoreTableSection.m in Sources */ = {isa = PBXBuildFile; fileRef = 6CADDB731855957300301731 /* BoxScoreTableSection.m */; };
		6CADDB7C1855A1D700301731 /* PlayerGameLogTableSection.m in Sources */ = {isa = PBXBuildFile; fileRef = 6CADDB7B1855A1D700301731 /* PlayerGameLogTableSection.m */; };
		6CB8AE431843EA2B00DD3DC1 /* PlayerViewController.m in Sources */ = {isa = PBXBuildFile; fileRef = 6CB8AE421843EA2B00DD3DC1 /* PlayerViewController.m */; };
		6CBFFFC61845796A003160C2 /* GameViewController.m in Sources */ = {isa = PBXBuildFile; fileRef = 6CBFFFC51845796A003160C2 /* GameViewController.m */; };
		6CBFFFCA184579A0003160C2 /* TeamRosterViewController.m in Sources */ = {isa = PBXBuildFile; fileRef = 6CBFFFC9184579A0003160C2 /* TeamRosterViewController.m */; };
		6CBFFFD118457B4A003160C2 /* RosterViewCell.m in Sources */ = {isa = PBXBuildFile; fileRef = 6CBFFFD018457B4A003160C2 /* RosterViewCell.m */; };
		FB966ECD18439C6B00BBE3D6 /* libpq.framework in Frameworks */ = {isa = PBXBuildFile; fileRef = 6C65F75A183BE61A00EE2499 /* libpq.framework */; };
/* End PBXBuildFile section */

/* Begin PBXContainerItemProxy section */
		6C65F73F183BE57C00EE2499 /* PBXContainerItemProxy */ = {
			isa = PBXContainerItemProxy;
			containerPortal = 6C65F711183BE57C00EE2499 /* Project object */;
			proxyType = 1;
			remoteGlobalIDString = 6C65F718183BE57C00EE2499;
			remoteInfo = NCAAMB;
		};
/* End PBXContainerItemProxy section */

/* Begin PBXFileReference section */
		6C2064DC183D8174001B2AAD /* ConferenceViewController.h */ = {isa = PBXFileReference; fileEncoding = 4; lastKnownFileType = sourcecode.c.h; path = ConferenceViewController.h; sourceTree = "<group>"; };
		6C2064DD183D8174001B2AAD /* ConferenceViewController.m */ = {isa = PBXFileReference; fileEncoding = 4; lastKnownFileType = sourcecode.c.objc; path = ConferenceViewController.m; sourceTree = "<group>"; };
		6C4A32FC183D5D6900D2D80F /* DBResult.h */ = {isa = PBXFileReference; fileEncoding = 4; lastKnownFileType = sourcecode.c.h; path = DBResult.h; sourceTree = "<group>"; };
		6C4A32FD183D5D6900D2D80F /* DBResult.m */ = {isa = PBXFileReference; fileEncoding = 4; lastKnownFileType = sourcecode.c.objc; path = DBResult.m; sourceTree = "<group>"; };
		6C4A32FF183D686F00D2D80F /* DBRequest.h */ = {isa = PBXFileReference; fileEncoding = 4; lastKnownFileType = sourcecode.c.h; path = DBRequest.h; sourceTree = "<group>"; };
		6C4A3300183D686F00D2D80F /* DBRequest.m */ = {isa = PBXFileReference; fileEncoding = 4; lastKnownFileType = sourcecode.c.objc; path = DBRequest.m; sourceTree = "<group>"; };
		6C64775A1842802D00528A6D /* TeamViewController.h */ = {isa = PBXFileReference; fileEncoding = 4; lastKnownFileType = sourcecode.c.h; path = TeamViewController.h; sourceTree = "<group>"; };
		6C64775B1842802D00528A6D /* TeamViewController.m */ = {isa = PBXFileReference; fileEncoding = 4; lastKnownFileType = sourcecode.c.objc; path = TeamViewController.m; sourceTree = "<group>"; };
		6C64775D1842E5FE00528A6D /* StandingViewCell.h */ = {isa = PBXFileReference; fileEncoding = 4; lastKnownFileType = sourcecode.c.h; path = StandingViewCell.h; sourceTree = "<group>"; };
		6C64775E1842E5FE00528A6D /* StandingViewCell.m */ = {isa = PBXFileReference; fileEncoding = 4; lastKnownFileType = sourcecode.c.objc; path = StandingViewCell.m; sourceTree = "<group>"; };
		6C6477631842EE5C00528A6D /* ScheduleViewCell.h */ = {isa = PBXFileReference; fileEncoding = 4; lastKnownFileType = sourcecode.c.h; path = ScheduleViewCell.h; sourceTree = "<group>"; };
		6C6477641842EE5C00528A6D /* ScheduleViewCell.m */ = {isa = PBXFileReference; fileEncoding = 4; lastKnownFileType = sourcecode.c.objc; path = ScheduleViewCell.m; sourceTree = "<group>"; };
		6C65F719183BE57C00EE2499 /* NCAAMB.app */ = {isa = PBXFileReference; explicitFileType = wrapper.application; includeInIndex = 0; path = NCAAMB.app; sourceTree = BUILT_PRODUCTS_DIR; };
		6C65F71C183BE57C00EE2499 /* Foundation.framework */ = {isa = PBXFileReference; lastKnownFileType = wrapper.framework; name = Foundation.framework; path = System/Library/Frameworks/Foundation.framework; sourceTree = SDKROOT; };
		6C65F71E183BE57C00EE2499 /* CoreGraphics.framework */ = {isa = PBXFileReference; lastKnownFileType = wrapper.framework; name = CoreGraphics.framework; path = System/Library/Frameworks/CoreGraphics.framework; sourceTree = SDKROOT; };
		6C65F720183BE57C00EE2499 /* UIKit.framework */ = {isa = PBXFileReference; lastKnownFileType = wrapper.framework; name = UIKit.framework; path = System/Library/Frameworks/UIKit.framework; sourceTree = SDKROOT; };
		6C65F724183BE57C00EE2499 /* NCAAMB-Info.plist */ = {isa = PBXFileReference; lastKnownFileType = text.plist.xml; path = "NCAAMB-Info.plist"; sourceTree = "<group>"; };
		6C65F726183BE57C00EE2499 /* en */ = {isa = PBXFileReference; lastKnownFileType = text.plist.strings; name = en; path = en.lproj/InfoPlist.strings; sourceTree = "<group>"; };
		6C65F728183BE57C00EE2499 /* main.m */ = {isa = PBXFileReference; lastKnownFileType = sourcecode.c.objc; path = main.m; sourceTree = "<group>"; };
		6C65F72A183BE57C00EE2499 /* NCAAMB-Prefix.pch */ = {isa = PBXFileReference; lastKnownFileType = sourcecode.c.h; path = "NCAAMB-Prefix.pch"; sourceTree = "<group>"; };
		6C65F72B183BE57C00EE2499 /* AppDelegate.h */ = {isa = PBXFileReference; lastKnownFileType = sourcecode.c.h; path = AppDelegate.h; sourceTree = "<group>"; };
		6C65F72C183BE57C00EE2499 /* AppDelegate.m */ = {isa = PBXFileReference; lastKnownFileType = sourcecode.c.objc; path = AppDelegate.m; sourceTree = "<group>"; };
		6C65F72F183BE57C00EE2499 /* Base */ = {isa = PBXFileReference; lastKnownFileType = file.storyboard; name = Base; path = Base.lproj/Main.storyboard; sourceTree = "<group>"; };
		6C65F734183BE57C00EE2499 /* Images.xcassets */ = {isa = PBXFileReference; lastKnownFileType = folder.assetcatalog; path = Images.xcassets; sourceTree = "<group>"; };
		6C65F73A183BE57C00EE2499 /* NCAAMBTests.xctest */ = {isa = PBXFileReference; explicitFileType = wrapper.cfbundle; includeInIndex = 0; path = NCAAMBTests.xctest; sourceTree = BUILT_PRODUCTS_DIR; };
		6C65F73B183BE57C00EE2499 /* XCTest.framework */ = {isa = PBXFileReference; lastKnownFileType = wrapper.framework; name = XCTest.framework; path = Library/Frameworks/XCTest.framework; sourceTree = DEVELOPER_DIR; };
		6C65F743183BE57C00EE2499 /* NCAAMBTests-Info.plist */ = {isa = PBXFileReference; lastKnownFileType = text.plist.xml; path = "NCAAMBTests-Info.plist"; sourceTree = "<group>"; };
		6C65F745183BE57C00EE2499 /* en */ = {isa = PBXFileReference; lastKnownFileType = text.plist.strings; name = en; path = en.lproj/InfoPlist.strings; sourceTree = "<group>"; };
		6C65F747183BE57C00EE2499 /* NCAAMBTests.m */ = {isa = PBXFileReference; lastKnownFileType = sourcecode.c.objc; path = NCAAMBTests.m; sourceTree = "<group>"; };
		6C65F75A183BE61A00EE2499 /* libpq.framework */ = {isa = PBXFileReference; lastKnownFileType = wrapper.framework; path = libpq.framework; sourceTree = "<group>"; };
		6C65F75F183BE64C00EE2499 /* HomeController.h */ = {isa = PBXFileReference; fileEncoding = 4; lastKnownFileType = sourcecode.c.h; path = HomeController.h; sourceTree = "<group>"; };
		6C65F760183BE64C00EE2499 /* HomeController.m */ = {isa = PBXFileReference; fileEncoding = 4; lastKnownFileType = sourcecode.c.objc; path = HomeController.m; sourceTree = "<group>"; };
		6C65F765183BE7D600EE2499 /* ConferenceNavigationController.h */ = {isa = PBXFileReference; fileEncoding = 4; lastKnownFileType = sourcecode.c.h; path = ConferenceNavigationController.h; sourceTree = "<group>"; };
		6C65F766183BE7D600EE2499 /* ConferenceNavigationController.m */ = {isa = PBXFileReference; fileEncoding = 4; lastKnownFileType = sourcecode.c.objc; path = ConferenceNavigationController.m; sourceTree = "<group>"; };
		6C65F768183BE7DD00EE2499 /* PlayerNavigationController.h */ = {isa = PBXFileReference; fileEncoding = 4; lastKnownFileType = sourcecode.c.h; path = PlayerNavigationController.h; sourceTree = "<group>"; };
		6C65F769183BE7DD00EE2499 /* PlayerNavigationController.m */ = {isa = PBXFileReference; fileEncoding = 4; lastKnownFileType = sourcecode.c.objc; path = PlayerNavigationController.m; sourceTree = "<group>"; };
		6C65F76B183BE7E300EE2499 /* TeamNavigationController.h */ = {isa = PBXFileReference; fileEncoding = 4; lastKnownFileType = sourcecode.c.h; path = TeamNavigationController.h; sourceTree = "<group>"; };
		6C65F76C183BE7E300EE2499 /* TeamNavigationController.m */ = {isa = PBXFileReference; fileEncoding = 4; lastKnownFileType = sourcecode.c.objc; path = TeamNavigationController.m; sourceTree = "<group>"; };
		6C65F76E183BE7EC00EE2499 /* DailyScoreboardController.h */ = {isa = PBXFileReference; fileEncoding = 4; lastKnownFileType = sourcecode.c.h; path = DailyScoreboardController.h; sourceTree = "<group>"; };
		6C65F76F183BE7EC00EE2499 /* DailyScoreboardController.m */ = {isa = PBXFileReference; fileEncoding = 4; lastKnownFileType = sourcecode.c.objc; path = DailyScoreboardController.m; sourceTree = "<group>"; };
		6C66868018443DBD00068F3B /* PlayerStatsViewCell.h */ = {isa = PBXFileReference; fileEncoding = 4; lastKnownFileType = sourcecode.c.h; path = PlayerStatsViewCell.h; sourceTree = "<group>"; };
		6C66868118443DBD00068F3B /* PlayerStatsViewCell.m */ = {isa = PBXFileReference; fileEncoding = 4; lastKnownFileType = sourcecode.c.objc; path = PlayerStatsViewCell.m; sourceTree = "<group>"; };
		6C6686831844761100068F3B /* PlayerAvgStatsTableSection.h */ = {isa = PBXFileReference; fileEncoding = 4; lastKnownFileType = sourcecode.c.h; path = PlayerAvgStatsTableSection.h; sourceTree = "<group>"; };
		6C6686841844761100068F3B /* PlayerAvgStatsTableSection.m */ = {isa = PBXFileReference; fileEncoding = 4; lastKnownFileType = sourcecode.c.objc; path = PlayerAvgStatsTableSection.m; sourceTree = "<group>"; };
		6C6686861844797700068F3B /* PlayerViewHTML.html */ = {isa = PBXFileReference; fileEncoding = 4; lastKnownFileType = text.html; path = PlayerViewHTML.html; sourceTree = "<group>"; };
		6C68DA1818494E7200DD2562 /* TeamTabController.h */ = {isa = PBXFileReference; fileEncoding = 4; lastKnownFileType = sourcecode.c.h; path = TeamTabController.h; sourceTree = "<group>"; };
		6C68DA1918494E7200DD2562 /* TeamTabController.m */ = {isa = PBXFileReference; fileEncoding = 4; lastKnownFileType = sourcecode.c.objc; path = TeamTabController.m; sourceTree = "<group>"; };
		6C82B87D1857F3810041352C /* GameLogCell.h */ = {isa = PBXFileReference; fileEncoding = 4; lastKnownFileType = sourcecode.c.h; path = GameLogCell.h; sourceTree = "<group>"; };
		6C82B87E1857F3810041352C /* GameLogCell.m */ = {isa = PBXFileReference; fileEncoding = 4; lastKnownFileType = sourcecode.c.objc; path = GameLogCell.m; sourceTree = "<group>"; };
		6CADDB6818551BDB00301731 /* PlayerTotalStatsTableSection.h */ = {isa = PBXFileReference; fileEncoding = 4; lastKnownFileType = sourcecode.c.h; path = PlayerTotalStatsTableSection.h; sourceTree = "<group>"; };
		6CADDB6918551BDB00301731 /* PlayerTotalStatsTableSection.m */ = {isa = PBXFileReference; fileEncoding = 4; lastKnownFileType = sourcecode.c.objc; path = PlayerTotalStatsTableSection.m; sourceTree = "<group>"; };
		6CADDB6D18558B7C00301731 /* BoxScoreCell.h */ = {isa = PBXFileReference; fileEncoding = 4; lastKnownFileType = sourcecode.c.h; path = BoxScoreCell.h; sourceTree = "<group>"; };
		6CADDB6E18558B7C00301731 /* BoxScoreCell.m */ = {isa = PBXFileReference; fileEncoding = 4; lastKnownFileType = sourcecode.c.objc; path = BoxScoreCell.m; sourceTree = "<group>"; };
		6CADDB721855957300301731 /* BoxScoreTableSection.h */ = {isa = PBXFileReference; fileEncoding = 4; lastKnownFileType = sourcecode.c.h; path = BoxScoreTableSection.h; sourceTree = "<group>"; };
		6CADDB731855957300301731 /* BoxScoreTableSection.m */ = {isa = PBXFileReference; fileEncoding = 4; lastKnownFileType = sourcecode.c.objc; path = BoxScoreTableSection.m; sourceTree = "<group>"; };
		6CADDB7A1855A1D700301731 /* PlayerGameLogTableSection.h */ = {isa = PBXFileReference; fileEncoding = 4; lastKnownFileType = sourcecode.c.h; path = PlayerGameLogTableSection.h; sourceTree = "<group>"; };
		6CADDB7B1855A1D700301731 /* PlayerGameLogTableSection.m */ = {isa = PBXFileReference; fileEncoding = 4; lastKnownFileType = sourcecode.c.objc; path = PlayerGameLogTableSection.m; sourceTree = "<group>"; };
		6CB8AE411843EA2B00DD3DC1 /* PlayerViewController.h */ = {isa = PBXFileReference; fileEncoding = 4; lastKnownFileType = sourcecode.c.h; path = PlayerViewController.h; sourceTree = "<group>"; };
		6CB8AE421843EA2B00DD3DC1 /* PlayerViewController.m */ = {isa = PBXFileReference; fileEncoding = 4; lastKnownFileType = sourcecode.c.objc; path = PlayerViewController.m; sourceTree = "<group>"; };
		6CBFFFC41845796A003160C2 /* GameViewController.h */ = {isa = PBXFileReference; fileEncoding = 4; lastKnownFileType = sourcecode.c.h; path = GameViewController.h; sourceTree = "<group>"; };
		6CBFFFC51845796A003160C2 /* GameViewController.m */ = {isa = PBXFileReference; fileEncoding = 4; lastKnownFileType = sourcecode.c.objc; path = GameViewController.m; sourceTree = "<group>"; };
		6CBFFFC81845799F003160C2 /* TeamRosterViewController.h */ = {isa = PBXFileReference; fileEncoding = 4; lastKnownFileType = sourcecode.c.h; path = TeamRosterViewController.h; sourceTree = "<group>"; };
		6CBFFFC9184579A0003160C2 /* TeamRosterViewController.m */ = {isa = PBXFileReference; fileEncoding = 4; lastKnownFileType = sourcecode.c.objc; path = TeamRosterViewController.m; sourceTree = "<group>"; };
		6CBFFFCF18457B4A003160C2 /* RosterViewCell.h */ = {isa = PBXFileReference; fileEncoding = 4; lastKnownFileType = sourcecode.c.h; path = RosterViewCell.h; sourceTree = "<group>"; };
		6CBFFFD018457B4A003160C2 /* RosterViewCell.m */ = {isa = PBXFileReference; fileEncoding = 4; lastKnownFileType = sourcecode.c.objc; path = RosterViewCell.m; sourceTree = "<group>"; };
/* End PBXFileReference section */

/* Begin PBXFrameworksBuildPhase section */
		6C65F716183BE57C00EE2499 /* Frameworks */ = {
			isa = PBXFrameworksBuildPhase;
			buildActionMask = 2147483647;
			files = (
				FB966ECD18439C6B00BBE3D6 /* libpq.framework in Frameworks */,
				6C65F71F183BE57C00EE2499 /* CoreGraphics.framework in Frameworks */,
				6C65F721183BE57C00EE2499 /* UIKit.framework in Frameworks */,
				6C65F71D183BE57C00EE2499 /* Foundation.framework in Frameworks */,
			);
			runOnlyForDeploymentPostprocessing = 0;
		};
		6C65F737183BE57C00EE2499 /* Frameworks */ = {
			isa = PBXFrameworksBuildPhase;
			buildActionMask = 2147483647;
			files = (
				6C65F73C183BE57C00EE2499 /* XCTest.framework in Frameworks */,
				6C65F73E183BE57C00EE2499 /* UIKit.framework in Frameworks */,
				6C65F73D183BE57C00EE2499 /* Foundation.framework in Frameworks */,
			);
			runOnlyForDeploymentPostprocessing = 0;
		};
/* End PBXFrameworksBuildPhase section */

/* Begin PBXGroup section */
		6C2064DB183D815B001B2AAD /* Navigation */ = {
			isa = PBXGroup;
			children = (
				6C65F765183BE7D600EE2499 /* ConferenceNavigationController.h */,
				6C65F766183BE7D600EE2499 /* ConferenceNavigationController.m */,
			);
			name = Navigation;
			sourceTree = "<group>";
		};
		6C2064DF183D8178001B2AAD /* View */ = {
			isa = PBXGroup;
			children = (
				6C2064DC183D8174001B2AAD /* ConferenceViewController.h */,
				6C2064DD183D8174001B2AAD /* ConferenceViewController.m */,
			);
			name = View;
			sourceTree = "<group>";
		};
		6C4A32F5183C9DBD00D2D80F /* Database */ = {
			isa = PBXGroup;
			children = (
				6C4A32FC183D5D6900D2D80F /* DBResult.h */,
				6C4A32FD183D5D6900D2D80F /* DBResult.m */,
				6C4A32FF183D686F00D2D80F /* DBRequest.h */,
				6C4A3300183D686F00D2D80F /* DBRequest.m */,
			);
			name = Database;
			sourceTree = "<group>";
		};
		6C6477581842801000528A6D /* Navigation */ = {
			isa = PBXGroup;
			children = (
				6C65F76B183BE7E300EE2499 /* TeamNavigationController.h */,
				6C65F76C183BE7E300EE2499 /* TeamNavigationController.m */,
			);
			name = Navigation;
			sourceTree = "<group>";
		};
		6C6477591842801500528A6D /* View */ = {
			isa = PBXGroup;
			children = (
				6C64775A1842802D00528A6D /* TeamViewController.h */,
				6C64775B1842802D00528A6D /* TeamViewController.m */,
			);
			name = View;
			sourceTree = "<group>";
		};
		6C6477601842EE2300528A6D /* Cells */ = {
			isa = PBXGroup;
			children = (
				6CADDB751855A05D00301731 /* Game Log */,
				6CADDB7018558B8300301731 /* Box Score */,
				6CBFFFCB18457AF0003160C2 /* Roster */,
				6C66867F18443D9C00068F3B /* Player */,
				6C6477621842EE4000528A6D /* Schedule */,
				6C6477611842EE3200528A6D /* Standings */,
			);
			name = Cells;
			sourceTree = "<group>";
		};
		6C6477611842EE3200528A6D /* Standings */ = {
			isa = PBXGroup;
			children = (
				6C64775D1842E5FE00528A6D /* StandingViewCell.h */,
				6C64775E1842E5FE00528A6D /* StandingViewCell.m */,
			);
			name = Standings;
			sourceTree = "<group>";
		};
		6C6477621842EE4000528A6D /* Schedule */ = {
			isa = PBXGroup;
			children = (
				6C6477631842EE5C00528A6D /* ScheduleViewCell.h */,
				6C6477641842EE5C00528A6D /* ScheduleViewCell.m */,
			);
			name = Schedule;
			sourceTree = "<group>";
		};
		6C65F710183BE57C00EE2499 = {
			isa = PBXGroup;
			children = (
				6C65F722183BE57C00EE2499 /* NCAAMB */,
				6C65F741183BE57C00EE2499 /* NCAAMBTests */,
				6C65F71B183BE57C00EE2499 /* Frameworks */,
				6C65F71A183BE57C00EE2499 /* Products */,
			);
			sourceTree = "<group>";
		};
		6C65F71A183BE57C00EE2499 /* Products */ = {
			isa = PBXGroup;
			children = (
				6C65F719183BE57C00EE2499 /* NCAAMB.app */,
				6C65F73A183BE57C00EE2499 /* NCAAMBTests.xctest */,
			);
			name = Products;
			sourceTree = "<group>";
		};
		6C65F71B183BE57C00EE2499 /* Frameworks */ = {
			isa = PBXGroup;
			children = (
				6C65F75A183BE61A00EE2499 /* libpq.framework */,
				6C65F71C183BE57C00EE2499 /* Foundation.framework */,
				6C65F71E183BE57C00EE2499 /* CoreGraphics.framework */,
				6C65F720183BE57C00EE2499 /* UIKit.framework */,
				6C65F73B183BE57C00EE2499 /* XCTest.framework */,
			);
			name = Frameworks;
			sourceTree = "<group>";
		};
		6C65F722183BE57C00EE2499 /* NCAAMB */ = {
			isa = PBXGroup;
			children = (
				6CBFFFC31845793A003160C2 /* Game */,
				6CB8AE461843FA3D00DD3DC1 /* HTML */,
				6C6477601842EE2300528A6D /* Cells */,
				6C4A32F5183C9DBD00D2D80F /* Database */,
				6C65F758183BE5FC00EE2499 /* Storyboard */,
				6C65F757183BE5F700EE2499 /* Home */,
				6C65F753183BE5A600EE2499 /* Player */,
				6C65F754183BE5B300EE2499 /* Team */,
				6C65F756183BE5BF00EE2499 /* Daily Scoreboard */,
				6C65F752183BE59F00EE2499 /* Conference */,
				6C65F751183BE59A00EE2499 /* Delegate */,
				6C65F734183BE57C00EE2499 /* Images.xcassets */,
				6C65F723183BE57C00EE2499 /* Supporting Files */,
			);
			path = NCAAMB;
			sourceTree = "<group>";
		};
		6C65F723183BE57C00EE2499 /* Supporting Files */ = {
			isa = PBXGroup;
			children = (
				6C65F724183BE57C00EE2499 /* NCAAMB-Info.plist */,
				6C65F725183BE57C00EE2499 /* InfoPlist.strings */,
				6C65F728183BE57C00EE2499 /* main.m */,
				6C65F72A183BE57C00EE2499 /* NCAAMB-Prefix.pch */,
			);
			name = "Supporting Files";
			sourceTree = "<group>";
		};
		6C65F741183BE57C00EE2499 /* NCAAMBTests */ = {
			isa = PBXGroup;
			children = (
				6C65F747183BE57C00EE2499 /* NCAAMBTests.m */,
				6C65F742183BE57C00EE2499 /* Supporting Files */,
			);
			path = NCAAMBTests;
			sourceTree = "<group>";
		};
		6C65F742183BE57C00EE2499 /* Supporting Files */ = {
			isa = PBXGroup;
			children = (
				6C65F743183BE57C00EE2499 /* NCAAMBTests-Info.plist */,
				6C65F744183BE57C00EE2499 /* InfoPlist.strings */,
			);
			name = "Supporting Files";
			sourceTree = "<group>";
		};
		6C65F751183BE59A00EE2499 /* Delegate */ = {
			isa = PBXGroup;
			children = (
				6C65F72B183BE57C00EE2499 /* AppDelegate.h */,
				6C65F72C183BE57C00EE2499 /* AppDelegate.m */,
			);
			name = Delegate;
			sourceTree = "<group>";
		};
		6C65F752183BE59F00EE2499 /* Conference */ = {
			isa = PBXGroup;
			children = (
				6C2064DF183D8178001B2AAD /* View */,
				6C2064DB183D815B001B2AAD /* Navigation */,
			);
			name = Conference;
			sourceTree = "<group>";
		};
		6C65F753183BE5A600EE2499 /* Player */ = {
			isa = PBXGroup;
			children = (
				6CB8AE3D1843E04B00DD3DC1 /* View */,
				6CB8AE3C1843E03E00DD3DC1 /* Navigation */,
			);
			name = Player;
			sourceTree = "<group>";
		};
		6C65F754183BE5B300EE2499 /* Team */ = {
			isa = PBXGroup;
			children = (
				6C68DA1718494E4900DD2562 /* Tabs */,
				6CBFFFC718457987003160C2 /* Roster */,
				6C6477591842801500528A6D /* View */,
				6C6477581842801000528A6D /* Navigation */,
			);
			name = Team;
			sourceTree = "<group>";
		};
		6C65F756183BE5BF00EE2499 /* Daily Scoreboard */ = {
			isa = PBXGroup;
			children = (
				6C65F76E183BE7EC00EE2499 /* DailyScoreboardController.h */,
				6C65F76F183BE7EC00EE2499 /* DailyScoreboardController.m */,
			);
			name = "Daily Scoreboard";
			sourceTree = "<group>";
		};
		6C65F757183BE5F700EE2499 /* Home */ = {
			isa = PBXGroup;
			children = (
				6C65F75F183BE64C00EE2499 /* HomeController.h */,
				6C65F760183BE64C00EE2499 /* HomeController.m */,
			);
			name = Home;
			sourceTree = "<group>";
		};
		6C65F758183BE5FC00EE2499 /* Storyboard */ = {
			isa = PBXGroup;
			children = (
				6C65F72E183BE57C00EE2499 /* Main.storyboard */,
			);
			name = Storyboard;
			sourceTree = "<group>";
		};
		6C66867F18443D9C00068F3B /* Player */ = {
			isa = PBXGroup;
			children = (
				6C66868018443DBD00068F3B /* PlayerStatsViewCell.h */,
				6C66868118443DBD00068F3B /* PlayerStatsViewCell.m */,
			);
			name = Player;
			sourceTree = "<group>";
		};
		6C66868818447C9700068F3B /* Table Sections */ = {
			isa = PBXGroup;
			children = (
				6CADDB791855A1BE00301731 /* Game Log */,
				6CADDB6C18551BEE00301731 /* Total Stats */,
				6CADDB6B18551BE200301731 /* Avg Stats */,
			);
			name = "Table Sections";
			sourceTree = "<group>";
		};
		6C68DA1718494E4900DD2562 /* Tabs */ = {
			isa = PBXGroup;
			children = (
				6C68DA1818494E7200DD2562 /* TeamTabController.h */,
				6C68DA1918494E7200DD2562 /* TeamTabController.m */,
			);
			name = Tabs;
			sourceTree = "<group>";
		};
		6CADDB6B18551BE200301731 /* Avg Stats */ = {
			isa = PBXGroup;
			children = (
				6C6686831844761100068F3B /* PlayerAvgStatsTableSection.h */,
				6C6686841844761100068F3B /* PlayerAvgStatsTableSection.m */,
			);
			name = "Avg Stats";
			sourceTree = "<group>";
		};
		6CADDB6C18551BEE00301731 /* Total Stats */ = {
			isa = PBXGroup;
			children = (
				6CADDB6818551BDB00301731 /* PlayerTotalStatsTableSection.h */,
				6CADDB6918551BDB00301731 /* PlayerTotalStatsTableSection.m */,
			);
			name = "Total Stats";
			sourceTree = "<group>";
		};
		6CADDB7018558B8300301731 /* Box Score */ = {
			isa = PBXGroup;
			children = (
				6CADDB6D18558B7C00301731 /* BoxScoreCell.h */,
				6CADDB6E18558B7C00301731 /* BoxScoreCell.m */,
			);
			name = "Box Score";
			sourceTree = "<group>";
		};
		6CADDB711855955600301731 /* Table Section */ = {
			isa = PBXGroup;
			children = (
				6CADDB721855957300301731 /* BoxScoreTableSection.h */,
				6CADDB731855957300301731 /* BoxScoreTableSection.m */,
			);
			name = "Table Section";
			sourceTree = "<group>";
		};
		6CADDB751855A05D00301731 /* Game Log */ = {
			isa = PBXGroup;
			children = (
				6C82B87D1857F3810041352C /* GameLogCell.h */,
				6C82B87E1857F3810041352C /* GameLogCell.m */,
			);
			name = "Game Log";
			sourceTree = "<group>";
		};
		6CADDB791855A1BE00301731 /* Game Log */ = {
			isa = PBXGroup;
			children = (
				6CADDB7A1855A1D700301731 /* PlayerGameLogTableSection.h */,
				6CADDB7B1855A1D700301731 /* PlayerGameLogTableSection.m */,
			);
			name = "Game Log";
			sourceTree = "<group>";
		};
		6CB8AE3C1843E03E00DD3DC1 /* Navigation */ = {
			isa = PBXGroup;
			children = (
				6C65F768183BE7DD00EE2499 /* PlayerNavigationController.h */,
				6C65F769183BE7DD00EE2499 /* PlayerNavigationController.m */,
			);
			name = Navigation;
			sourceTree = "<group>";
		};
		6CB8AE3D1843E04B00DD3DC1 /* View */ = {
			isa = PBXGroup;
			children = (
				6C66868818447C9700068F3B /* Table Sections */,
				6CB8AE411843EA2B00DD3DC1 /* PlayerViewController.h */,
				6CB8AE421843EA2B00DD3DC1 /* PlayerViewController.m */,
			);
			name = View;
			sourceTree = "<group>";
		};
		6CB8AE461843FA3D00DD3DC1 /* HTML */ = {
			isa = PBXGroup;
			children = (
				6C6686861844797700068F3B /* PlayerViewHTML.html */,
			);
			name = HTML;
			sourceTree = "<group>";
		};
		6CBFFFC31845793A003160C2 /* Game */ = {
			isa = PBXGroup;
			children = (
				6CADDB711855955600301731 /* Table Section */,
				6CBFFFC41845796A003160C2 /* GameViewController.h */,
				6CBFFFC51845796A003160C2 /* GameViewController.m */,
			);
			name = Game;
			sourceTree = "<group>";
		};
		6CBFFFC718457987003160C2 /* Roster */ = {
			isa = PBXGroup;
			children = (
				6CBFFFC81845799F003160C2 /* TeamRosterViewController.h */,
				6CBFFFC9184579A0003160C2 /* TeamRosterViewController.m */,
			);
			name = Roster;
			sourceTree = "<group>";
		};
		6CBFFFCB18457AF0003160C2 /* Roster */ = {
			isa = PBXGroup;
			children = (
				6CBFFFCF18457B4A003160C2 /* RosterViewCell.h */,
				6CBFFFD018457B4A003160C2 /* RosterViewCell.m */,
			);
			name = Roster;
			sourceTree = "<group>";
		};
/* End PBXGroup section */

/* Begin PBXNativeTarget section */
		6C65F718183BE57C00EE2499 /* NCAAMB */ = {
			isa = PBXNativeTarget;
			buildConfigurationList = 6C65F74B183BE57C00EE2499 /* Build configuration list for PBXNativeTarget "NCAAMB" */;
			buildPhases = (
				6C65F715183BE57C00EE2499 /* Sources */,
				6C65F716183BE57C00EE2499 /* Frameworks */,
				6C65F717183BE57C00EE2499 /* Resources */,
			);
			buildRules = (
			);
			dependencies = (
			);
			name = NCAAMB;
			productName = NCAAMB;
			productReference = 6C65F719183BE57C00EE2499 /* NCAAMB.app */;
			productType = "com.apple.product-type.application";
		};
		6C65F739183BE57C00EE2499 /* NCAAMBTests */ = {
			isa = PBXNativeTarget;
			buildConfigurationList = 6C65F74E183BE57C00EE2499 /* Build configuration list for PBXNativeTarget "NCAAMBTests" */;
			buildPhases = (
				6C65F736183BE57C00EE2499 /* Sources */,
				6C65F737183BE57C00EE2499 /* Frameworks */,
				6C65F738183BE57C00EE2499 /* Resources */,
			);
			buildRules = (
			);
			dependencies = (
				6C65F740183BE57C00EE2499 /* PBXTargetDependency */,
			);
			name = NCAAMBTests;
			productName = NCAAMBTests;
			productReference = 6C65F73A183BE57C00EE2499 /* NCAAMBTests.xctest */;
			productType = "com.apple.product-type.bundle.unit-test";
		};
/* End PBXNativeTarget section */

/* Begin PBXProject section */
		6C65F711183BE57C00EE2499 /* Project object */ = {
			isa = PBXProject;
			attributes = {
				LastUpgradeCheck = 0500;
				ORGANIZATIONNAME = "Nicholas Gordon";
				TargetAttributes = {
					6C65F739183BE57C00EE2499 = {
						TestTargetID = 6C65F718183BE57C00EE2499;
					};
				};
			};
			buildConfigurationList = 6C65F714183BE57C00EE2499 /* Build configuration list for PBXProject "NCAAMB" */;
			compatibilityVersion = "Xcode 3.2";
			developmentRegion = English;
			hasScannedForEncodings = 0;
			knownRegions = (
				en,
				Base,
			);
			mainGroup = 6C65F710183BE57C00EE2499;
			productRefGroup = 6C65F71A183BE57C00EE2499 /* Products */;
			projectDirPath = "";
			projectRoot = "";
			targets = (
				6C65F718183BE57C00EE2499 /* NCAAMB */,
				6C65F739183BE57C00EE2499 /* NCAAMBTests */,
			);
		};
/* End PBXProject section */

/* Begin PBXResourcesBuildPhase section */
		6C65F717183BE57C00EE2499 /* Resources */ = {
			isa = PBXResourcesBuildPhase;
			buildActionMask = 2147483647;
			files = (
				6C65F735183BE57C00EE2499 /* Images.xcassets in Resources */,
				6C65F727183BE57C00EE2499 /* InfoPlist.strings in Resources */,
				6C65F730183BE57C00EE2499 /* Main.storyboard in Resources */,
				6C6686871844797700068F3B /* PlayerViewHTML.html in Resources */,
			);
			runOnlyForDeploymentPostprocessing = 0;
		};
		6C65F738183BE57C00EE2499 /* Resources */ = {
			isa = PBXResourcesBuildPhase;
			buildActionMask = 2147483647;
			files = (
				6C65F746183BE57C00EE2499 /* InfoPlist.strings in Resources */,
			);
			runOnlyForDeploymentPostprocessing = 0;
		};
/* End PBXResourcesBuildPhase section */

/* Begin PBXSourcesBuildPhase section */
		6C65F715183BE57C00EE2499 /* Sources */ = {
			isa = PBXSourcesBuildPhase;
			buildActionMask = 2147483647;
			files = (
				6CADDB6F18558B7C00301731 /* BoxScoreCell.m in Sources */,
				6CBFFFCA184579A0003160C2 /* TeamRosterViewController.m in Sources */,
				6C65F76D183BE7E300EE2499 /* TeamNavigationController.m in Sources */,
				6C64775C1842802D00528A6D /* TeamViewController.m in Sources */,
				6C65F761183BE64C00EE2499 /* HomeController.m in Sources */,
				6C82B87F1857F3810041352C /* GameLogCell.m in Sources */,
				6C65F76A183BE7DD00EE2499 /* PlayerNavigationController.m in Sources */,
				6C64775F1842E5FE00528A6D /* StandingViewCell.m in Sources */,
				6C65F767183BE7D600EE2499 /* ConferenceNavigationController.m in Sources */,
				6C4A32FE183D5D6900D2D80F /* DBResult.m in Sources */,
				6C66868218443DBD00068F3B /* PlayerStatsViewCell.m in Sources */,
				6CBFFFC61845796A003160C2 /* GameViewController.m in Sources */,
				6CBFFFD118457B4A003160C2 /* RosterViewCell.m in Sources */,
				6CADDB7C1855A1D700301731 /* PlayerGameLogTableSection.m in Sources */,
				6C68DA1A18494E7200DD2562 /* TeamTabController.m in Sources */,
				6CB8AE431843EA2B00DD3DC1 /* PlayerViewController.m in Sources */,
				6CADDB6A18551BDB00301731 /* PlayerTotalStatsTableSection.m in Sources */,
				6CADDB741855957300301731 /* BoxScoreTableSection.m in Sources */,
				6C6477651842EE5C00528A6D /* ScheduleViewCell.m in Sources */,
				6C65F72D183BE57C00EE2499 /* AppDelegate.m in Sources */,
				6C2064DE183D8174001B2AAD /* ConferenceViewController.m in Sources */,
				6C4A3301183D686F00D2D80F /* DBRequest.m in Sources */,
				6C6686851844761100068F3B /* PlayerAvgStatsTableSection.m in Sources */,
				6C65F770183BE7EC00EE2499 /* DailyScoreboardController.m in Sources */,
				6C65F729183BE57C00EE2499 /* main.m in Sources */,
			);
			runOnlyForDeploymentPostprocessing = 0;
		};
		6C65F736183BE57C00EE2499 /* Sources */ = {
			isa = PBXSourcesBuildPhase;
			buildActionMask = 2147483647;
			files = (
				6C65F748183BE57C00EE2499 /* NCAAMBTests.m in Sources */,
			);
			runOnlyForDeploymentPostprocessing = 0;
		};
/* End PBXSourcesBuildPhase section */

/* Begin PBXTargetDependency section */
		6C65F740183BE57C00EE2499 /* PBXTargetDependency */ = {
			isa = PBXTargetDependency;
			target = 6C65F718183BE57C00EE2499 /* NCAAMB */;
			targetProxy = 6C65F73F183BE57C00EE2499 /* PBXContainerItemProxy */;
		};
/* End PBXTargetDependency section */

/* Begin PBXVariantGroup section */
		6C65F725183BE57C00EE2499 /* InfoPlist.strings */ = {
			isa = PBXVariantGroup;
			children = (
				6C65F726183BE57C00EE2499 /* en */,
			);
			name = InfoPlist.strings;
			sourceTree = "<group>";
		};
		6C65F72E183BE57C00EE2499 /* Main.storyboard */ = {
			isa = PBXVariantGroup;
			children = (
				6C65F72F183BE57C00EE2499 /* Base */,
			);
			name = Main.storyboard;
			sourceTree = "<group>";
		};
		6C65F744183BE57C00EE2499 /* InfoPlist.strings */ = {
			isa = PBXVariantGroup;
			children = (
				6C65F745183BE57C00EE2499 /* en */,
			);
			name = InfoPlist.strings;
			sourceTree = "<group>";
		};
/* End PBXVariantGroup section */

/* Begin XCBuildConfiguration section */
		6C65F749183BE57C00EE2499 /* Debug */ = {
			isa = XCBuildConfiguration;
			buildSettings = {
				ALWAYS_SEARCH_USER_PATHS = NO;
				ARCHS = "$(ARCHS_STANDARD_INCLUDING_64_BIT)";
				CLANG_CXX_LANGUAGE_STANDARD = "gnu++0x";
				CLANG_CXX_LIBRARY = "libc++";
				CLANG_ENABLE_MODULES = YES;
				CLANG_ENABLE_OBJC_ARC = YES;
				CLANG_WARN_BOOL_CONVERSION = YES;
				CLANG_WARN_CONSTANT_CONVERSION = YES;
				CLANG_WARN_DIRECT_OBJC_ISA_USAGE = YES_ERROR;
				CLANG_WARN_EMPTY_BODY = YES;
				CLANG_WARN_ENUM_CONVERSION = YES;
				CLANG_WARN_INT_CONVERSION = YES;
				CLANG_WARN_OBJC_ROOT_CLASS = YES_ERROR;
				CLANG_WARN__DUPLICATE_METHOD_MATCH = YES;
				"CODE_SIGN_IDENTITY[sdk=iphoneos*]" = "iPhone Developer";
				COPY_PHASE_STRIP = NO;
				GCC_C_LANGUAGE_STANDARD = gnu99;
				GCC_DYNAMIC_NO_PIC = NO;
				GCC_OPTIMIZATION_LEVEL = 0;
				GCC_PREPROCESSOR_DEFINITIONS = (
					"DEBUG=1",
					"$(inherited)",
				);
				GCC_SYMBOLS_PRIVATE_EXTERN = NO;
				GCC_WARN_64_TO_32_BIT_CONVERSION = YES;
				GCC_WARN_ABOUT_RETURN_TYPE = YES_ERROR;
				GCC_WARN_UNDECLARED_SELECTOR = YES;
				GCC_WARN_UNINITIALIZED_AUTOS = YES;
				GCC_WARN_UNUSED_FUNCTION = YES;
				GCC_WARN_UNUSED_VARIABLE = YES;
				IPHONEOS_DEPLOYMENT_TARGET = 7.0;
				ONLY_ACTIVE_ARCH = YES;
				SDKROOT = iphoneos;
			};
			name = Debug;
		};
		6C65F74A183BE57C00EE2499 /* Release */ = {
			isa = XCBuildConfiguration;
			buildSettings = {
				ALWAYS_SEARCH_USER_PATHS = NO;
				ARCHS = "$(ARCHS_STANDARD_INCLUDING_64_BIT)";
				CLANG_CXX_LANGUAGE_STANDARD = "gnu++0x";
				CLANG_CXX_LIBRARY = "libc++";
				CLANG_ENABLE_MODULES = YES;
				CLANG_ENABLE_OBJC_ARC = YES;
				CLANG_WARN_BOOL_CONVERSION = YES;
				CLANG_WARN_CONSTANT_CONVERSION = YES;
				CLANG_WARN_DIRECT_OBJC_ISA_USAGE = YES_ERROR;
				CLANG_WARN_EMPTY_BODY = YES;
				CLANG_WARN_ENUM_CONVERSION = YES;
				CLANG_WARN_INT_CONVERSION = YES;
				CLANG_WARN_OBJC_ROOT_CLASS = YES_ERROR;
				CLANG_WARN__DUPLICATE_METHOD_MATCH = YES;
				"CODE_SIGN_IDENTITY[sdk=iphoneos*]" = "iPhone Developer";
				COPY_PHASE_STRIP = YES;
				ENABLE_NS_ASSERTIONS = NO;
				GCC_C_LANGUAGE_STANDARD = gnu99;
				GCC_WARN_64_TO_32_BIT_CONVERSION = YES;
				GCC_WARN_ABOUT_RETURN_TYPE = YES_ERROR;
				GCC_WARN_UNDECLARED_SELECTOR = YES;
				GCC_WARN_UNINITIALIZED_AUTOS = YES;
				GCC_WARN_UNUSED_FUNCTION = YES;
				GCC_WARN_UNUSED_VARIABLE = YES;
				IPHONEOS_DEPLOYMENT_TARGET = 7.0;
				SDKROOT = iphoneos;
				VALIDATE_PRODUCT = YES;
			};
			name = Release;
		};
		6C65F74C183BE57C00EE2499 /* Debug */ = {
			isa = XCBuildConfiguration;
			buildSettings = {
				ASSETCATALOG_COMPILER_APPICON_NAME = AppIcon;
				ASSETCATALOG_COMPILER_LAUNCHIMAGE_NAME = LaunchImage;
				FRAMEWORK_SEARCH_PATHS = (
					"$(inherited)",
					/Users/yankeenjg/Desktop/NCAAMB/NCAAMB,
					/Users/dalin/Desktop/School/Duke/Senior,
					Fall/CS,
					316/NCAAMB/NCAAMB,
					"/Users/dalin/Desktop/School/Duke/Senior\\ Fall/CS\\ 316/NCAAMB/NCAAMB",
				);
				GCC_PRECOMPILE_PREFIX_HEADER = YES;
				GCC_PREFIX_HEADER = "NCAAMB/NCAAMB-Prefix.pch";
				INFOPLIST_FILE = "NCAAMB/NCAAMB-Info.plist";
				PRODUCT_NAME = "$(TARGET_NAME)";
				WRAPPER_EXTENSION = app;
			};
			name = Debug;
		};
		6C65F74D183BE57C00EE2499 /* Release */ = {
			isa = XCBuildConfiguration;
			buildSettings = {
				ASSETCATALOG_COMPILER_APPICON_NAME = AppIcon;
				ASSETCATALOG_COMPILER_LAUNCHIMAGE_NAME = LaunchImage;
				FRAMEWORK_SEARCH_PATHS = (
					"$(inherited)",
					/Users/yankeenjg/Desktop/NCAAMB/NCAAMB,
					/Users/dalin/Desktop/School/Duke/Senior,
					Fall/CS,
					316/NCAAMB/NCAAMB,
					"/Users/dalin/Desktop/School/Duke/Senior\\ Fall/CS\\ 316/NCAAMB/NCAAMB",
				);
				GCC_PRECOMPILE_PREFIX_HEADER = YES;
				GCC_PREFIX_HEADER = "NCAAMB/NCAAMB-Prefix.pch";
				INFOPLIST_FILE = "NCAAMB/NCAAMB-Info.plist";
				PRODUCT_NAME = "$(TARGET_NAME)";
				WRAPPER_EXTENSION = app;
			};
			name = Release;
		};
		6C65F74F183BE57C00EE2499 /* Debug */ = {
			isa = XCBuildConfiguration;
			buildSettings = {
				ARCHS = "$(ARCHS_STANDARD_INCLUDING_64_BIT)";
				BUNDLE_LOADER = "$(BUILT_PRODUCTS_DIR)/NCAAMB.app/NCAAMB";
				FRAMEWORK_SEARCH_PATHS = (
					"$(SDKROOT)/Developer/Library/Frameworks",
					"$(inherited)",
					"$(DEVELOPER_FRAMEWORKS_DIR)",
				);
				GCC_PRECOMPILE_PREFIX_HEADER = YES;
				GCC_PREFIX_HEADER = "NCAAMB/NCAAMB-Prefix.pch";
				GCC_PREPROCESSOR_DEFINITIONS = (
					"DEBUG=1",
					"$(inherited)",
				);
				INFOPLIST_FILE = "NCAAMBTests/NCAAMBTests-Info.plist";
				PRODUCT_NAME = "$(TARGET_NAME)";
				TEST_HOST = "$(BUNDLE_LOADER)";
				WRAPPER_EXTENSION = xctest;
			};
			name = Debug;
		};
		6C65F750183BE57C00EE2499 /* Release */ = {
			isa = XCBuildConfiguration;
			buildSettings = {
				ARCHS = "$(ARCHS_STANDARD_INCLUDING_64_BIT)";
				BUNDLE_LOADER = "$(BUILT_PRODUCTS_DIR)/NCAAMB.app/NCAAMB";
				FRAMEWORK_SEARCH_PATHS = (
					"$(SDKROOT)/Developer/Library/Frameworks",
					"$(inherited)",
					"$(DEVELOPER_FRAMEWORKS_DIR)",
				);
				GCC_PRECOMPILE_PREFIX_HEADER = YES;
				GCC_PREFIX_HEADER = "NCAAMB/NCAAMB-Prefix.pch";
				INFOPLIST_FILE = "NCAAMBTests/NCAAMBTests-Info.plist";
				PRODUCT_NAME = "$(TARGET_NAME)";
				TEST_HOST = "$(BUNDLE_LOADER)";
				WRAPPER_EXTENSION = xctest;
			};
			name = Release;
		};
/* End XCBuildConfiguration section */

/* Begin XCConfigurationList section */
		6C65F714183BE57C00EE2499 /* Build configuration list for PBXProject "NCAAMB" */ = {
			isa = XCConfigurationList;
			buildConfigurations = (
				6C65F749183BE57C00EE2499 /* Debug */,
				6C65F74A183BE57C00EE2499 /* Release */,
			);
			defaultConfigurationIsVisible = 0;
			defaultConfigurationName = Release;
		};
		6C65F74B183BE57C00EE2499 /* Build configuration list for PBXNativeTarget "NCAAMB" */ = {
			isa = XCConfigurationList;
			buildConfigurations = (
				6C65F74C183BE57C00EE2499 /* Debug */,
				6C65F74D183BE57C00EE2499 /* Release */,
			);
			defaultConfigurationIsVisible = 0;
			defaultConfigurationName = Release;
		};
		6C65F74E183BE57C00EE2499 /* Build configuration list for PBXNativeTarget "NCAAMBTests" */ = {
			isa = XCConfigurationList;
			buildConfigurations = (
				6C65F74F183BE57C00EE2499 /* Debug */,
				6C65F750183BE57C00EE2499 /* Release */,
			);
			defaultConfigurationIsVisible = 0;
			defaultConfigurationName = Release;
		};
/* End XCConfigurationList section */
	};
	rootObject = 6C65F711183BE57C00EE2499 /* Project object */;
}
